// !$*UTF8*$!
{
	archiveVersion = 1;
	classes = {
	};
	objectVersion = 56;
	objects = {

/* Begin PBXBuildFile section */
		1CDE96702A61D0A500EB048E /* AppDelegate.swift in Sources */ = {isa = PBXBuildFile; fileRef = 1CDE966F2A61D0A500EB048E /* AppDelegate.swift */; };
		1CDE96722A61D0A500EB048E /* SceneDelegate.swift in Sources */ = {isa = PBXBuildFile; fileRef = 1CDE96712A61D0A500EB048E /* SceneDelegate.swift */; };
		1CDE96742A61D0A500EB048E /* ViewController.swift in Sources */ = {isa = PBXBuildFile; fileRef = 1CDE96732A61D0A500EB048E /* ViewController.swift */; };
		1CDE96772A61D0A500EB048E /* Main.storyboard in Resources */ = {isa = PBXBuildFile; fileRef = 1CDE96752A61D0A500EB048E /* Main.storyboard */; };
		1CDE96792A61D0A700EB048E /* Assets.xcassets in Resources */ = {isa = PBXBuildFile; fileRef = 1CDE96782A61D0A700EB048E /* Assets.xcassets */; };
		1CDE967C2A61D0A700EB048E /* LaunchScreen.storyboard in Resources */ = {isa = PBXBuildFile; fileRef = 1CDE967A2A61D0A700EB048E /* LaunchScreen.storyboard */; };
		1CDE96872A61D0A700EB048E /* PlaceholderSessionTests.swift in Sources */ = {isa = PBXBuildFile; fileRef = 1CDE96862A61D0A700EB048E /* PlaceholderSessionTests.swift */; };
		1CDE96912A61D0A700EB048E /* PlaceholderSessionUITests.swift in Sources */ = {isa = PBXBuildFile; fileRef = 1CDE96902A61D0A700EB048E /* PlaceholderSessionUITests.swift */; };
		1CDE96932A61D0A700EB048E /* PlaceholderSessionUITestsLaunchTests.swift in Sources */ = {isa = PBXBuildFile; fileRef = 1CDE96922A61D0A700EB048E /* PlaceholderSessionUITestsLaunchTests.swift */; };
/* End PBXBuildFile section */

/* Begin PBXContainerItemProxy section */
		1CDE96832A61D0A700EB048E /* PBXContainerItemProxy */ = {
			isa = PBXContainerItemProxy;
			containerPortal = 1CDE96642A61D0A500EB048E /* Project object */;
			proxyType = 1;
			remoteGlobalIDString = 1CDE966B2A61D0A500EB048E;
			remoteInfo = PlaceholderSession;
		};
		1CDE968D2A61D0A700EB048E /* PBXContainerItemProxy */ = {
			isa = PBXContainerItemProxy;
			containerPortal = 1CDE96642A61D0A500EB048E /* Project object */;
			proxyType = 1;
			remoteGlobalIDString = 1CDE966B2A61D0A500EB048E;
			remoteInfo = PlaceholderSession;
		};
/* End PBXContainerItemProxy section */

/* Begin PBXFileReference section */
		1CDE966C2A61D0A500EB048E /* PlaceholderSession.app */ = {isa = PBXFileReference; explicitFileType = wrapper.application; includeInIndex = 0; path = PlaceholderSession.app; sourceTree = BUILT_PRODUCTS_DIR; };
		1CDE966F2A61D0A500EB048E /* AppDelegate.swift */ = {isa = PBXFileReference; lastKnownFileType = sourcecode.swift; path = AppDelegate.swift; sourceTree = "<group>"; };
		1CDE96712A61D0A500EB048E /* SceneDelegate.swift */ = {isa = PBXFileReference; lastKnownFileType = sourcecode.swift; path = SceneDelegate.swift; sourceTree = "<group>"; };
		1CDE96732A61D0A500EB048E /* ViewController.swift */ = {isa = PBXFileReference; lastKnownFileType = sourcecode.swift; path = ViewController.swift; sourceTree = "<group>"; };
		1CDE96762A61D0A500EB048E /* Base */ = {isa = PBXFileReference; lastKnownFileType = file.storyboard; name = Base; path = Base.lproj/Main.storyboard; sourceTree = "<group>"; };
		1CDE96782A61D0A700EB048E /* Assets.xcassets */ = {isa = PBXFileReference; lastKnownFileType = folder.assetcatalog; path = Assets.xcassets; sourceTree = "<group>"; };
		1CDE967B2A61D0A700EB048E /* Base */ = {isa = PBXFileReference; lastKnownFileType = file.storyboard; name = Base; path = Base.lproj/LaunchScreen.storyboard; sourceTree = "<group>"; };
		1CDE967D2A61D0A700EB048E /* Info.plist */ = {isa = PBXFileReference; lastKnownFileType = text.plist.xml; path = Info.plist; sourceTree = "<group>"; };
		1CDE96822A61D0A700EB048E /* PlaceholderSessionTests.xctest */ = {isa = PBXFileReference; explicitFileType = wrapper.cfbundle; includeInIndex = 0; path = PlaceholderSessionTests.xctest; sourceTree = BUILT_PRODUCTS_DIR; };
		1CDE96862A61D0A700EB048E /* PlaceholderSessionTests.swift */ = {isa = PBXFileReference; lastKnownFileType = sourcecode.swift; path = PlaceholderSessionTests.swift; sourceTree = "<group>"; };
		1CDE968C2A61D0A700EB048E /* PlaceholderSessionUITests.xctest */ = {isa = PBXFileReference; explicitFileType = wrapper.cfbundle; includeInIndex = 0; path = PlaceholderSessionUITests.xctest; sourceTree = BUILT_PRODUCTS_DIR; };
		1CDE96902A61D0A700EB048E /* PlaceholderSessionUITests.swift */ = {isa = PBXFileReference; lastKnownFileType = sourcecode.swift; path = PlaceholderSessionUITests.swift; sourceTree = "<group>"; };
		1CDE96922A61D0A700EB048E /* PlaceholderSessionUITestsLaunchTests.swift */ = {isa = PBXFileReference; lastKnownFileType = sourcecode.swift; path = PlaceholderSessionUITestsLaunchTests.swift; sourceTree = "<group>"; };
/* End PBXFileReference section */

/* Begin PBXFrameworksBuildPhase section */
		1CDE96692A61D0A500EB048E /* Frameworks */ = {
			isa = PBXFrameworksBuildPhase;
			buildActionMask = 2147483647;
			files = (
			);
			runOnlyForDeploymentPostprocessing = 0;
		};
		1CDE967F2A61D0A700EB048E /* Frameworks */ = {
			isa = PBXFrameworksBuildPhase;
			buildActionMask = 2147483647;
			files = (
			);
			runOnlyForDeploymentPostprocessing = 0;
		};
		1CDE96892A61D0A700EB048E /* Frameworks */ = {
			isa = PBXFrameworksBuildPhase;
			buildActionMask = 2147483647;
			files = (
			);
			runOnlyForDeploymentPostprocessing = 0;
		};
/* End PBXFrameworksBuildPhase section */

/* Begin PBXGroup section */
		1CDE96632A61D0A500EB048E = {
			isa = PBXGroup;
			children = (
				1CDE966E2A61D0A500EB048E /* PlaceholderSession */,
				1CDE96852A61D0A700EB048E /* PlaceholderSessionTests */,
				1CDE968F2A61D0A700EB048E /* PlaceholderSessionUITests */,
				1CDE966D2A61D0A500EB048E /* Products */,
			);
			sourceTree = "<group>";
		};
		1CDE966D2A61D0A500EB048E /* Products */ = {
			isa = PBXGroup;
			children = (
				1CDE966C2A61D0A500EB048E /* PlaceholderSession.app */,
				1CDE96822A61D0A700EB048E /* PlaceholderSessionTests.xctest */,
				1CDE968C2A61D0A700EB048E /* PlaceholderSessionUITests.xctest */,
			);
			name = Products;
			sourceTree = "<group>";
		};
		1CDE966E2A61D0A500EB048E /* PlaceholderSession */ = {
			isa = PBXGroup;
			children = (
				1CDE966F2A61D0A500EB048E /* AppDelegate.swift */,
				1CDE96712A61D0A500EB048E /* SceneDelegate.swift */,
				1CDE96732A61D0A500EB048E /* ViewController.swift */,
				1CDE96752A61D0A500EB048E /* Main.storyboard */,
				1CDE96782A61D0A700EB048E /* Assets.xcassets */,
				1CDE967A2A61D0A700EB048E /* LaunchScreen.storyboard */,
				1CDE967D2A61D0A700EB048E /* Info.plist */,
			);
			path = PlaceholderSession;
			sourceTree = "<group>";
		};
		1CDE96852A61D0A700EB048E /* PlaceholderSessionTests */ = {
			isa = PBXGroup;
			children = (
				1CDE96862A61D0A700EB048E /* PlaceholderSessionTests.swift */,
			);
			path = PlaceholderSessionTests;
			sourceTree = "<group>";
		};
		1CDE968F2A61D0A700EB048E /* PlaceholderSessionUITests */ = {
			isa = PBXGroup;
			children = (
				1CDE96902A61D0A700EB048E /* PlaceholderSessionUITests.swift */,
				1CDE96922A61D0A700EB048E /* PlaceholderSessionUITestsLaunchTests.swift */,
			);
			path = PlaceholderSessionUITests;
			sourceTree = "<group>";
		};
/* End PBXGroup section */

/* Begin PBXNativeTarget section */
		1CDE966B2A61D0A500EB048E /* PlaceholderSession */ = {
			isa = PBXNativeTarget;
			buildConfigurationList = 1CDE96962A61D0A700EB048E /* Build configuration list for PBXNativeTarget "PlaceholderSession" */;
			buildPhases = (
				1CDE96682A61D0A500EB048E /* Sources */,
				1CDE96692A61D0A500EB048E /* Frameworks */,
				1CDE966A2A61D0A500EB048E /* Resources */,
			);
			buildRules = (
			);
			dependencies = (
			);
			name = PlaceholderSession;
			productName = PlaceholderSession;
			productReference = 1CDE966C2A61D0A500EB048E /* PlaceholderSession.app */;
			productType = "com.apple.product-type.application";
		};
		1CDE96812A61D0A700EB048E /* PlaceholderSessionTests */ = {
			isa = PBXNativeTarget;
			buildConfigurationList = 1CDE96992A61D0A700EB048E /* Build configuration list for PBXNativeTarget "PlaceholderSessionTests" */;
			buildPhases = (
				1CDE967E2A61D0A700EB048E /* Sources */,
				1CDE967F2A61D0A700EB048E /* Frameworks */,
				1CDE96802A61D0A700EB048E /* Resources */,
			);
			buildRules = (
			);
			dependencies = (
				1CDE96842A61D0A700EB048E /* PBXTargetDependency */,
			);
			name = PlaceholderSessionTests;
			productName = PlaceholderSessionTests;
			productReference = 1CDE96822A61D0A700EB048E /* PlaceholderSessionTests.xctest */;
			productType = "com.apple.product-type.bundle.unit-test";
		};
		1CDE968B2A61D0A700EB048E /* PlaceholderSessionUITests */ = {
			isa = PBXNativeTarget;
			buildConfigurationList = 1CDE969C2A61D0A700EB048E /* Build configuration list for PBXNativeTarget "PlaceholderSessionUITests" */;
			buildPhases = (
				1CDE96882A61D0A700EB048E /* Sources */,
				1CDE96892A61D0A700EB048E /* Frameworks */,
				1CDE968A2A61D0A700EB048E /* Resources */,
			);
			buildRules = (
			);
			dependencies = (
				1CDE968E2A61D0A700EB048E /* PBXTargetDependency */,
			);
			name = PlaceholderSessionUITests;
			productName = PlaceholderSessionUITests;
			productReference = 1CDE968C2A61D0A700EB048E /* PlaceholderSessionUITests.xctest */;
			productType = "com.apple.product-type.bundle.ui-testing";
		};
/* End PBXNativeTarget section */

/* Begin PBXProject section */
		1CDE96642A61D0A500EB048E /* Project object */ = {
			isa = PBXProject;
			attributes = {
				BuildIndependentTargetsInParallel = 1;
				LastSwiftUpdateCheck = 1430;
				LastUpgradeCheck = 1430;
				TargetAttributes = {
					1CDE966B2A61D0A500EB048E = {
						CreatedOnToolsVersion = 14.3.1;
					};
					1CDE96812A61D0A700EB048E = {
						CreatedOnToolsVersion = 14.3.1;
						TestTargetID = 1CDE966B2A61D0A500EB048E;
					};
					1CDE968B2A61D0A700EB048E = {
						CreatedOnToolsVersion = 14.3.1;
						TestTargetID = 1CDE966B2A61D0A500EB048E;
					};
				};
			};
			buildConfigurationList = 1CDE96672A61D0A500EB048E /* Build configuration list for PBXProject "PlaceholderSession" */;
			compatibilityVersion = "Xcode 14.0";
			developmentRegion = en;
			hasScannedForEncodings = 0;
			knownRegions = (
				en,
				Base,
			);
			mainGroup = 1CDE96632A61D0A500EB048E;
			productRefGroup = 1CDE966D2A61D0A500EB048E /* Products */;
			projectDirPath = "";
			projectRoot = "";
			targets = (
				1CDE966B2A61D0A500EB048E /* PlaceholderSession */,
				1CDE96812A61D0A700EB048E /* PlaceholderSessionTests */,
				1CDE968B2A61D0A700EB048E /* PlaceholderSessionUITests */,
			);
		};
/* End PBXProject section */

/* Begin PBXResourcesBuildPhase section */
		1CDE966A2A61D0A500EB048E /* Resources */ = {
			isa = PBXResourcesBuildPhase;
			buildActionMask = 2147483647;
			files = (
				1CDE967C2A61D0A700EB048E /* LaunchScreen.storyboard in Resources */,
				1CDE96792A61D0A700EB048E /* Assets.xcassets in Resources */,
				1CDE96772A61D0A500EB048E /* Main.storyboard in Resources */,
			);
			runOnlyForDeploymentPostprocessing = 0;
		};
		1CDE96802A61D0A700EB048E /* Resources */ = {
			isa = PBXResourcesBuildPhase;
			buildActionMask = 2147483647;
			files = (
			);
			runOnlyForDeploymentPostprocessing = 0;
		};
		1CDE968A2A61D0A700EB048E /* Resources */ = {
			isa = PBXResourcesBuildPhase;
			buildActionMask = 2147483647;
			files = (
			);
			runOnlyForDeploymentPostprocessing = 0;
		};
/* End PBXResourcesBuildPhase section */

/* Begin PBXSourcesBuildPhase section */
		1CDE96682A61D0A500EB048E /* Sources */ = {
			isa = PBXSourcesBuildPhase;
			buildActionMask = 2147483647;
			files = (
				1CDE96742A61D0A500EB048E /* ViewController.swift in Sources */,
				1CDE96702A61D0A500EB048E /* AppDelegate.swift in Sources */,
				1CDE96722A61D0A500EB048E /* SceneDelegate.swift in Sources */,
			);
			runOnlyForDeploymentPostprocessing = 0;
		};
		1CDE967E2A61D0A700EB048E /* Sources */ = {
			isa = PBXSourcesBuildPhase;
			buildActionMask = 2147483647;
			files = (
				1CDE96872A61D0A700EB048E /* PlaceholderSessionTests.swift in Sources */,
			);
			runOnlyForDeploymentPostprocessing = 0;
		};
		1CDE96882A61D0A700EB048E /* Sources */ = {
			isa = PBXSourcesBuildPhase;
			buildActionMask = 2147483647;
			files = (
				1CDE96912A61D0A700EB048E /* PlaceholderSessionUITests.swift in Sources */,
				1CDE96932A61D0A700EB048E /* PlaceholderSessionUITestsLaunchTests.swift in Sources */,
			);
			runOnlyForDeploymentPostprocessing = 0;
		};
/* End PBXSourcesBuildPhase section */

/* Begin PBXTargetDependency section */
		1CDE96842A61D0A700EB048E /* PBXTargetDependency */ = {
			isa = PBXTargetDependency;
			target = 1CDE966B2A61D0A500EB048E /* PlaceholderSession */;
			targetProxy = 1CDE96832A61D0A700EB048E /* PBXContainerItemProxy */;
		};
		1CDE968E2A61D0A700EB048E /* PBXTargetDependency */ = {
			isa = PBXTargetDependency;
			target = 1CDE966B2A61D0A500EB048E /* PlaceholderSession */;
			targetProxy = 1CDE968D2A61D0A700EB048E /* PBXContainerItemProxy */;
		};
/* End PBXTargetDependency section */

/* Begin PBXVariantGroup section */
		1CDE96752A61D0A500EB048E /* Main.storyboard */ = {
			isa = PBXVariantGroup;
			children = (
				1CDE96762A61D0A500EB048E /* Base */,
			);
			name = Main.storyboard;
			sourceTree = "<group>";
		};
		1CDE967A2A61D0A700EB048E /* LaunchScreen.storyboard */ = {
			isa = PBXVariantGroup;
			children = (
				1CDE967B2A61D0A700EB048E /* Base */,
			);
			name = LaunchScreen.storyboard;
			sourceTree = "<group>";
		};
/* End PBXVariantGroup section */

/* Begin XCBuildConfiguration section */
		1CDE96942A61D0A700EB048E /* Debug */ = {
			isa = XCBuildConfiguration;
			buildSettings = {
				ALWAYS_SEARCH_USER_PATHS = NO;
				CLANG_ANALYZER_NONNULL = YES;
				CLANG_ANALYZER_NUMBER_OBJECT_CONVERSION = YES_AGGRESSIVE;
				CLANG_CXX_LANGUAGE_STANDARD = "gnu++20";
				CLANG_ENABLE_MODULES = YES;
				CLANG_ENABLE_OBJC_ARC = YES;
				CLANG_ENABLE_OBJC_WEAK = YES;
				CLANG_WARN_BLOCK_CAPTURE_AUTORELEASING = YES;
				CLANG_WARN_BOOL_CONVERSION = YES;
				CLANG_WARN_COMMA = YES;
				CLANG_WARN_CONSTANT_CONVERSION = YES;
				CLANG_WARN_DEPRECATED_OBJC_IMPLEMENTATIONS = YES;
				CLANG_WARN_DIRECT_OBJC_ISA_USAGE = YES_ERROR;
				CLANG_WARN_DOCUMENTATION_COMMENTS = YES;
				CLANG_WARN_EMPTY_BODY = YES;
				CLANG_WARN_ENUM_CONVERSION = YES;
				CLANG_WARN_INFINITE_RECURSION = YES;
				CLANG_WARN_INT_CONVERSION = YES;
				CLANG_WARN_NON_LITERAL_NULL_CONVERSION = YES;
				CLANG_WARN_OBJC_IMPLICIT_RETAIN_SELF = YES;
				CLANG_WARN_OBJC_LITERAL_CONVERSION = YES;
				CLANG_WARN_OBJC_ROOT_CLASS = YES_ERROR;
				CLANG_WARN_QUOTED_INCLUDE_IN_FRAMEWORK_HEADER = YES;
				CLANG_WARN_RANGE_LOOP_ANALYSIS = YES;
				CLANG_WARN_STRICT_PROTOTYPES = YES;
				CLANG_WARN_SUSPICIOUS_MOVE = YES;
				CLANG_WARN_UNGUARDED_AVAILABILITY = YES_AGGRESSIVE;
				CLANG_WARN_UNREACHABLE_CODE = YES;
				CLANG_WARN__DUPLICATE_METHOD_MATCH = YES;
				COPY_PHASE_STRIP = NO;
				DEBUG_INFORMATION_FORMAT = dwarf;
				ENABLE_STRICT_OBJC_MSGSEND = YES;
				ENABLE_TESTABILITY = YES;
				GCC_C_LANGUAGE_STANDARD = gnu11;
				GCC_DYNAMIC_NO_PIC = NO;
				GCC_NO_COMMON_BLOCKS = YES;
				GCC_OPTIMIZATION_LEVEL = 0;
				GCC_PREPROCESSOR_DEFINITIONS = (
					"DEBUG=1",
					"$(inherited)",
				);
				GCC_WARN_64_TO_32_BIT_CONVERSION = YES;
				GCC_WARN_ABOUT_RETURN_TYPE = YES_ERROR;
				GCC_WARN_UNDECLARED_SELECTOR = YES;
				GCC_WARN_UNINITIALIZED_AUTOS = YES_AGGRESSIVE;
				GCC_WARN_UNUSED_FUNCTION = YES;
				GCC_WARN_UNUSED_VARIABLE = YES;
				IPHONEOS_DEPLOYMENT_TARGET = 16.4;
				MTL_ENABLE_DEBUG_INFO = INCLUDE_SOURCE;
				MTL_FAST_MATH = YES;
				ONLY_ACTIVE_ARCH = YES;
				SDKROOT = iphoneos;
				SWIFT_ACTIVE_COMPILATION_CONDITIONS = DEBUG;
				SWIFT_OPTIMIZATION_LEVEL = "-Onone";
			};
			name = Debug;
		};
		1CDE96952A61D0A700EB048E /* Release */ = {
			isa = XCBuildConfiguration;
			buildSettings = {
				ALWAYS_SEARCH_USER_PATHS = NO;
				CLANG_ANALYZER_NONNULL = YES;
				CLANG_ANALYZER_NUMBER_OBJECT_CONVERSION = YES_AGGRESSIVE;
				CLANG_CXX_LANGUAGE_STANDARD = "gnu++20";
				CLANG_ENABLE_MODULES = YES;
				CLANG_ENABLE_OBJC_ARC = YES;
				CLANG_ENABLE_OBJC_WEAK = YES;
				CLANG_WARN_BLOCK_CAPTURE_AUTORELEASING = YES;
				CLANG_WARN_BOOL_CONVERSION = YES;
				CLANG_WARN_COMMA = YES;
				CLANG_WARN_CONSTANT_CONVERSION = YES;
				CLANG_WARN_DEPRECATED_OBJC_IMPLEMENTATIONS = YES;
				CLANG_WARN_DIRECT_OBJC_ISA_USAGE = YES_ERROR;
				CLANG_WARN_DOCUMENTATION_COMMENTS = YES;
				CLANG_WARN_EMPTY_BODY = YES;
				CLANG_WARN_ENUM_CONVERSION = YES;
				CLANG_WARN_INFINITE_RECURSION = YES;
				CLANG_WARN_INT_CONVERSION = YES;
				CLANG_WARN_NON_LITERAL_NULL_CONVERSION = YES;
				CLANG_WARN_OBJC_IMPLICIT_RETAIN_SELF = YES;
				CLANG_WARN_OBJC_LITERAL_CONVERSION = YES;
				CLANG_WARN_OBJC_ROOT_CLASS = YES_ERROR;
				CLANG_WARN_QUOTED_INCLUDE_IN_FRAMEWORK_HEADER = YES;
				CLANG_WARN_RANGE_LOOP_ANALYSIS = YES;
				CLANG_WARN_STRICT_PROTOTYPES = YES;
				CLANG_WARN_SUSPICIOUS_MOVE = YES;
				CLANG_WARN_UNGUARDED_AVAILABILITY = YES_AGGRESSIVE;
				CLANG_WARN_UNREACHABLE_CODE = YES;
				CLANG_WARN__DUPLICATE_METHOD_MATCH = YES;
				COPY_PHASE_STRIP = NO;
				DEBUG_INFORMATION_FORMAT = "dwarf-with-dsym";
				ENABLE_NS_ASSERTIONS = NO;
				ENABLE_STRICT_OBJC_MSGSEND = YES;
				GCC_C_LANGUAGE_STANDARD = gnu11;
				GCC_NO_COMMON_BLOCKS = YES;
				GCC_WARN_64_TO_32_BIT_CONVERSION = YES;
				GCC_WARN_ABOUT_RETURN_TYPE = YES_ERROR;
				GCC_WARN_UNDECLARED_SELECTOR = YES;
				GCC_WARN_UNINITIALIZED_AUTOS = YES_AGGRESSIVE;
				GCC_WARN_UNUSED_FUNCTION = YES;
				GCC_WARN_UNUSED_VARIABLE = YES;
				IPHONEOS_DEPLOYMENT_TARGET = 16.4;
				MTL_ENABLE_DEBUG_INFO = NO;
				MTL_FAST_MATH = YES;
				SDKROOT = iphoneos;
				SWIFT_COMPILATION_MODE = wholemodule;
				SWIFT_OPTIMIZATION_LEVEL = "-O";
				VALIDATE_PRODUCT = YES;
			};
			name = Release;
		};
		1CDE96972A61D0A700EB048E /* Debug */ = {
			isa = XCBuildConfiguration;
			buildSettings = {
				ASSETCATALOG_COMPILER_APPICON_NAME = AppIcon;
				ASSETCATALOG_COMPILER_GLOBAL_ACCENT_COLOR_NAME = AccentColor;
				CODE_SIGN_STYLE = Automatic;
				CURRENT_PROJECT_VERSION = 1;
				DEVELOPMENT_TEAM = 597WJ9W585;
				GENERATE_INFOPLIST_FILE = YES;
				INFOPLIST_FILE = PlaceholderSession/Info.plist;
				INFOPLIST_KEY_UIApplicationSupportsIndirectInputEvents = YES;
				INFOPLIST_KEY_UILaunchStoryboardName = LaunchScreen;
				INFOPLIST_KEY_UIMainStoryboardFile = Main;
				INFOPLIST_KEY_UISupportedInterfaceOrientations_iPad = "UIInterfaceOrientationPortrait UIInterfaceOrientationPortraitUpsideDown UIInterfaceOrientationLandscapeLeft UIInterfaceOrientationLandscapeRight";
				INFOPLIST_KEY_UISupportedInterfaceOrientations_iPhone = "UIInterfaceOrientationPortrait UIInterfaceOrientationLandscapeLeft UIInterfaceOrientationLandscapeRight";
				LD_RUNPATH_SEARCH_PATHS = (
					"$(inherited)",
					"@executable_path/Frameworks",
				);
				MARKETING_VERSION = 1.0;
				PRODUCT_BUNDLE_IDENTIFIER = PlaceholderSession.PlaceholderSession;
				PRODUCT_NAME = "$(TARGET_NAME)";
				SWIFT_EMIT_LOC_STRINGS = YES;
				SWIFT_VERSION = 5.0;
				TARGETED_DEVICE_FAMILY = "1,2";
			};
			name = Debug;
		};
		1CDE96982A61D0A700EB048E /* Release */ = {
			isa = XCBuildConfiguration;
			buildSettings = {
				ASSETCATALOG_COMPILER_APPICON_NAME = AppIcon;
				ASSETCATALOG_COMPILER_GLOBAL_ACCENT_COLOR_NAME = AccentColor;
				CODE_SIGN_STYLE = Automatic;
				CURRENT_PROJECT_VERSION = 1;
				DEVELOPMENT_TEAM = 597WJ9W585;
				GENERATE_INFOPLIST_FILE = YES;
				INFOPLIST_FILE = PlaceholderSession/Info.plist;
				INFOPLIST_KEY_UIApplicationSupportsIndirectInputEvents = YES;
				INFOPLIST_KEY_UILaunchStoryboardName = LaunchScreen;
				INFOPLIST_KEY_UIMainStoryboardFile = Main;
				INFOPLIST_KEY_UISupportedInterfaceOrientations_iPad = "UIInterfaceOrientationPortrait UIInterfaceOrientationPortraitUpsideDown UIInterfaceOrientationLandscapeLeft UIInterfaceOrientationLandscapeRight";
				INFOPLIST_KEY_UISupportedInterfaceOrientations_iPhone = "UIInterfaceOrientationPortrait UIInterfaceOrientationLandscapeLeft UIInterfaceOrientationLandscapeRight";
				LD_RUNPATH_SEARCH_PATHS = (
					"$(inherited)",
					"@executable_path/Frameworks",
				);
				MARKETING_VERSION = 1.0;
				PRODUCT_BUNDLE_IDENTIFIER = PlaceholderSession.PlaceholderSession;
				PRODUCT_NAME = "$(TARGET_NAME)";
				SWIFT_EMIT_LOC_STRINGS = YES;
				SWIFT_VERSION = 5.0;
				TARGETED_DEVICE_FAMILY = "1,2";
			};
			name = Release;
		};
		1CDE969A2A61D0A700EB048E /* Debug */ = {
			isa = XCBuildConfiguration;
			buildSettings = {
				ALWAYS_EMBED_SWIFT_STANDARD_LIBRARIES = YES;
				BUNDLE_LOADER = "$(TEST_HOST)";
				CODE_SIGN_STYLE = Automatic;
				CURRENT_PROJECT_VERSION = 1;
				DEVELOPMENT_TEAM = 597WJ9W585;
				GENERATE_INFOPLIST_FILE = YES;
				IPHONEOS_DEPLOYMENT_TARGET = 16.4;
				MARKETING_VERSION = 1.0;
				PRODUCT_BUNDLE_IDENTIFIER = PlaceholderSession.PlaceholderSessionTests;
				PRODUCT_NAME = "$(TARGET_NAME)";
				SWIFT_EMIT_LOC_STRINGS = NO;
				SWIFT_VERSION = 5.0;
				TARGETED_DEVICE_FAMILY = "1,2";
				TEST_HOST = "$(BUILT_PRODUCTS_DIR)/PlaceholderSession.app/$(BUNDLE_EXECUTABLE_FOLDER_PATH)/PlaceholderSession";
			};
			name = Debug;
		};
		1CDE969B2A61D0A700EB048E /* Release */ = {
			isa = XCBuildConfiguration;
			buildSettings = {
				ALWAYS_EMBED_SWIFT_STANDARD_LIBRARIES = YES;
				BUNDLE_LOADER = "$(TEST_HOST)";
				CODE_SIGN_STYLE = Automatic;
				CURRENT_PROJECT_VERSION = 1;
				DEVELOPMENT_TEAM = 597WJ9W585;
				GENERATE_INFOPLIST_FILE = YES;
				IPHONEOS_DEPLOYMENT_TARGET = 16.4;
				MARKETING_VERSION = 1.0;
				PRODUCT_BUNDLE_IDENTIFIER = PlaceholderSession.PlaceholderSessionTests;
				PRODUCT_NAME = "$(TARGET_NAME)";
				SWIFT_EMIT_LOC_STRINGS = NO;
				SWIFT_VERSION = 5.0;
				TARGETED_DEVICE_FAMILY = "1,2";
				TEST_HOST = "$(BUILT_PRODUCTS_DIR)/PlaceholderSession.app/$(BUNDLE_EXECUTABLE_FOLDER_PATH)/PlaceholderSession";
			};
			name = Release;
		};
		1CDE969D2A61D0A700EB048E /* Debug */ = {
			isa = XCBuildConfiguration;
			buildSettings = {
				ALWAYS_EMBED_SWIFT_STANDARD_LIBRARIES = YES;
				CODE_SIGN_STYLE = Automatic;
				CURRENT_PROJECT_VERSION = 1;
				DEVELOPMENT_TEAM = 597WJ9W585;
				GENERATE_INFOPLIST_FILE = YES;
				MARKETING_VERSION = 1.0;
				PRODUCT_BUNDLE_IDENTIFIER = PlaceholderSession.PlaceholderSessionUITests;
				PRODUCT_NAME = "$(TARGET_NAME)";
				SWIFT_EMIT_LOC_STRINGS = NO;
				SWIFT_VERSION = 5.0;
				TARGETED_DEVICE_FAMILY = "1,2";
				TEST_TARGET_NAME = PlaceholderSession;
			};
			name = Debug;
		};
		1CDE969E2A61D0A700EB048E /* Release */ = {
			isa = XCBuildConfiguration;
			buildSettings = {
				ALWAYS_EMBED_SWIFT_STANDARD_LIBRARIES = YES;
				CODE_SIGN_STYLE = Automatic;
				CURRENT_PROJECT_VERSION = 1;
				DEVELOPMENT_TEAM = 597WJ9W585;
				GENERATE_INFOPLIST_FILE = YES;
				MARKETING_VERSION = 1.0;
				PRODUCT_BUNDLE_IDENTIFIER = PlaceholderSession.PlaceholderSessionUITests;
				PRODUCT_NAME = "$(TARGET_NAME)";
				SWIFT_EMIT_LOC_STRINGS = NO;
				SWIFT_VERSION = 5.0;
				TARGETED_DEVICE_FAMILY = "1,2";
				TEST_TARGET_NAME = PlaceholderSession;
			};
			name = Release;
		};
/* End XCBuildConfiguration section */

/* Begin XCConfigurationList section */
		1CDE96672A61D0A500EB048E /* Build configuration list for PBXProject "PlaceholderSession" */ = {
			isa = XCConfigurationList;
			buildConfigurations = (
				1CDE96942A61D0A700EB048E /* Debug */,
				1CDE96952A61D0A700EB048E /* Release */,
			);
			defaultConfigurationIsVisible = 0;
			defaultConfigurationName = Release;
		};
		1CDE96962A61D0A700EB048E /* Build configuration list for PBXNativeTarget "PlaceholderSession" */ = {
			isa = XCConfigurationList;
			buildConfigurations = (
				1CDE96972A61D0A700EB048E /* Debug */,
				1CDE96982A61D0A700EB048E /* Release */,
			);
			defaultConfigurationIsVisible = 0;
			defaultConfigurationName = Release;
		};
		1CDE96992A61D0A700EB048E /* Build configuration list for PBXNativeTarget "PlaceholderSessionTests" */ = {
			isa = XCConfigurationList;
			buildConfigurations = (
				1CDE969A2A61D0A700EB048E /* Debug */,
				1CDE969B2A61D0A700EB048E /* Release */,
			);
			defaultConfigurationIsVisible = 0;
			defaultConfigurationName = Release;
		};
		1CDE969C2A61D0A700EB048E /* Build configuration list for PBXNativeTarget "PlaceholderSessionUITests" */ = {
			isa = XCConfigurationList;
			buildConfigurations = (
				1CDE969D2A61D0A700EB048E /* Debug */,
				1CDE969E2A61D0A700EB048E /* Release */,
			);
			defaultConfigurationIsVisible = 0;
			defaultConfigurationName = Release;
		};
/* End XCConfigurationList section */
	};
	rootObject = 1CDE96642A61D0A500EB048E /* Project object */;
}
