// !$*UTF8*$!
{
	archiveVersion = 1;
	classes = {
	};
	objectVersion = 56;
	objects = {

/* Begin PBXBuildFile section */
		1C5108D72A7FA257008EBB53 /* AlbumTableViewController.swift in Sources */ = {isa = PBXBuildFile; fileRef = 1C5108D52A7FA257008EBB53 /* AlbumTableViewController.swift */; };
		1C5108DA2A7FA29C008EBB53 /* AlbumViewModel.swift in Sources */ = {isa = PBXBuildFile; fileRef = 1C5108D92A7FA29C008EBB53 /* AlbumViewModel.swift */; };
		1C5108DC2A7FA2A6008EBB53 /* Album.swift in Sources */ = {isa = PBXBuildFile; fileRef = 1C5108DB2A7FA2A6008EBB53 /* Album.swift */; };
		1C5108E02A7FA71B008EBB53 /* AlbumTableViewCell.swift in Sources */ = {isa = PBXBuildFile; fileRef = 1C5108DE2A7FA71B008EBB53 /* AlbumTableViewCell.swift */; };
		1C5108E12A7FA71B008EBB53 /* AlbumTableViewCell.xib in Resources */ = {isa = PBXBuildFile; fileRef = 1C5108DF2A7FA71B008EBB53 /* AlbumTableViewCell.xib */; };
		1C5108EE2A802045008EBB53 /* PhotoViewModel.swift in Sources */ = {isa = PBXBuildFile; fileRef = 1C5108ED2A802045008EBB53 /* PhotoViewModel.swift */; };
		1C5108F02A80204D008EBB53 /* Photo.swift in Sources */ = {isa = PBXBuildFile; fileRef = 1C5108EF2A80204D008EBB53 /* Photo.swift */; };
		1C5108FA2A85567A008EBB53 /* Texts.strings in Resources */ = {isa = PBXBuildFile; fileRef = 1C5108FC2A85567A008EBB53 /* Texts.strings */; };
		1C5109012A87F053008EBB53 /* Localized String.swift in Sources */ = {isa = PBXBuildFile; fileRef = 1C5109002A87F053008EBB53 /* Localized String.swift */; };
		1C5109042A87F7BB008EBB53 /* PhotoCollectionViewCell.swift in Sources */ = {isa = PBXBuildFile; fileRef = 1C5109022A87F7BB008EBB53 /* PhotoCollectionViewCell.swift */; };
		1C5109052A87F7BB008EBB53 /* PhotoCollectionViewCell.xib in Resources */ = {isa = PBXBuildFile; fileRef = 1C5109032A87F7BB008EBB53 /* PhotoCollectionViewCell.xib */; };
		1C51090C2A87FA48008EBB53 /* PhotosViewController.swift in Sources */ = {isa = PBXBuildFile; fileRef = 1C51090A2A87FA48008EBB53 /* PhotosViewController.swift */; };
		1C51090D2A87FA48008EBB53 /* PhotosViewController.xib in Resources */ = {isa = PBXBuildFile; fileRef = 1C51090B2A87FA48008EBB53 /* PhotosViewController.xib */; };
		1CA467632A74583200DB6377 /* PostTableViewController.swift in Sources */ = {isa = PBXBuildFile; fileRef = 1CA467612A74583200DB6377 /* PostTableViewController.swift */; };
		1CA467662A7502C000DB6377 /* PostsViewModel.swift in Sources */ = {isa = PBXBuildFile; fileRef = 1CA467652A7502C000DB6377 /* PostsViewModel.swift */; };
		1CA467682A7502CA00DB6377 /* Post.swift in Sources */ = {isa = PBXBuildFile; fileRef = 1CA467672A7502CA00DB6377 /* Post.swift */; };
		1CA4676C2A75049400DB6377 /* PostTableViewCell.swift in Sources */ = {isa = PBXBuildFile; fileRef = 1CA4676A2A75049400DB6377 /* PostTableViewCell.swift */; };
		1CA4676D2A75049400DB6377 /* PostTableViewCell.xib in Resources */ = {isa = PBXBuildFile; fileRef = 1CA4676B2A75049400DB6377 /* PostTableViewCell.xib */; };
		1CAC6CC82A66F135008F2A37 /* UserTableViewCell.swift in Sources */ = {isa = PBXBuildFile; fileRef = 1CAC6CC62A66F135008F2A37 /* UserTableViewCell.swift */; };
		1CAC6CC92A66F135008F2A37 /* UserTableViewCell.xib in Resources */ = {isa = PBXBuildFile; fileRef = 1CAC6CC72A66F135008F2A37 /* UserTableViewCell.xib */; };
		1CDE96702A61D0A500EB048E /* AppDelegate.swift in Sources */ = {isa = PBXBuildFile; fileRef = 1CDE966F2A61D0A500EB048E /* AppDelegate.swift */; };
		1CDE96792A61D0A700EB048E /* Assets.xcassets in Resources */ = {isa = PBXBuildFile; fileRef = 1CDE96782A61D0A700EB048E /* Assets.xcassets */; };
		1CDE967C2A61D0A700EB048E /* LaunchScreen.storyboard in Resources */ = {isa = PBXBuildFile; fileRef = 1CDE967A2A61D0A700EB048E /* LaunchScreen.storyboard */; };
		1CDE96A22A61D79000EB048E /* UsersViewController.swift in Sources */ = {isa = PBXBuildFile; fileRef = 1CDE96A02A61D79000EB048E /* UsersViewController.swift */; };
		1CDE96A82A62201F00EB048E /* UsersViewModel.swift in Sources */ = {isa = PBXBuildFile; fileRef = 1CDE96A72A62201F00EB048E /* UsersViewModel.swift */; };
		1CDE96AA2A6220D400EB048E /* User.swift in Sources */ = {isa = PBXBuildFile; fileRef = 1CDE96A92A6220D400EB048E /* User.swift */; };
/* End PBXBuildFile section */

/* Begin PBXFileReference section */
		1C5108D52A7FA257008EBB53 /* AlbumTableViewController.swift */ = {isa = PBXFileReference; lastKnownFileType = sourcecode.swift; path = AlbumTableViewController.swift; sourceTree = "<group>"; };
		1C5108D92A7FA29C008EBB53 /* AlbumViewModel.swift */ = {isa = PBXFileReference; lastKnownFileType = sourcecode.swift; path = AlbumViewModel.swift; sourceTree = "<group>"; };
		1C5108DB2A7FA2A6008EBB53 /* Album.swift */ = {isa = PBXFileReference; lastKnownFileType = sourcecode.swift; path = Album.swift; sourceTree = "<group>"; };
		1C5108DE2A7FA71B008EBB53 /* AlbumTableViewCell.swift */ = {isa = PBXFileReference; lastKnownFileType = sourcecode.swift; path = AlbumTableViewCell.swift; sourceTree = "<group>"; };
		1C5108DF2A7FA71B008EBB53 /* AlbumTableViewCell.xib */ = {isa = PBXFileReference; lastKnownFileType = file.xib; path = AlbumTableViewCell.xib; sourceTree = "<group>"; };
		1C5108ED2A802045008EBB53 /* PhotoViewModel.swift */ = {isa = PBXFileReference; lastKnownFileType = sourcecode.swift; path = PhotoViewModel.swift; sourceTree = "<group>"; };
		1C5108EF2A80204D008EBB53 /* Photo.swift */ = {isa = PBXFileReference; lastKnownFileType = sourcecode.swift; path = Photo.swift; sourceTree = "<group>"; };
		1C5108F72A855650008EBB53 /* uk */ = {isa = PBXFileReference; lastKnownFileType = text.plist.strings; name = uk; path = uk.lproj/LaunchScreen.strings; sourceTree = "<group>"; };
		1C5108FB2A85567A008EBB53 /* en */ = {isa = PBXFileReference; lastKnownFileType = text.plist.strings; name = en; path = en.lproj/Texts.strings; sourceTree = "<group>"; };
		1C5108FD2A855680008EBB53 /* uk */ = {isa = PBXFileReference; lastKnownFileType = text.plist.strings; name = uk; path = uk.lproj/Texts.strings; sourceTree = "<group>"; };
		1C5109002A87F053008EBB53 /* Localized String.swift */ = {isa = PBXFileReference; lastKnownFileType = sourcecode.swift; path = "Localized String.swift"; sourceTree = "<group>"; };
		1C5109022A87F7BB008EBB53 /* PhotoCollectionViewCell.swift */ = {isa = PBXFileReference; lastKnownFileType = sourcecode.swift; path = PhotoCollectionViewCell.swift; sourceTree = "<group>"; };
		1C5109032A87F7BB008EBB53 /* PhotoCollectionViewCell.xib */ = {isa = PBXFileReference; lastKnownFileType = file.xib; path = PhotoCollectionViewCell.xib; sourceTree = "<group>"; };
		1C51090A2A87FA48008EBB53 /* PhotosViewController.swift */ = {isa = PBXFileReference; lastKnownFileType = sourcecode.swift; path = PhotosViewController.swift; sourceTree = "<group>"; };
		1C51090B2A87FA48008EBB53 /* PhotosViewController.xib */ = {isa = PBXFileReference; lastKnownFileType = file.xib; path = PhotosViewController.xib; sourceTree = "<group>"; };
		1CA467612A74583200DB6377 /* PostTableViewController.swift */ = {isa = PBXFileReference; lastKnownFileType = sourcecode.swift; path = PostTableViewController.swift; sourceTree = "<group>"; };
		1CA467652A7502C000DB6377 /* PostsViewModel.swift */ = {isa = PBXFileReference; lastKnownFileType = sourcecode.swift; path = PostsViewModel.swift; sourceTree = "<group>"; };
		1CA467672A7502CA00DB6377 /* Post.swift */ = {isa = PBXFileReference; lastKnownFileType = sourcecode.swift; path = Post.swift; sourceTree = "<group>"; };
		1CA4676A2A75049400DB6377 /* PostTableViewCell.swift */ = {isa = PBXFileReference; lastKnownFileType = sourcecode.swift; path = PostTableViewCell.swift; sourceTree = "<group>"; };
		1CA4676B2A75049400DB6377 /* PostTableViewCell.xib */ = {isa = PBXFileReference; lastKnownFileType = file.xib; path = PostTableViewCell.xib; sourceTree = "<group>"; };
		1CAC6CC62A66F135008F2A37 /* UserTableViewCell.swift */ = {isa = PBXFileReference; lastKnownFileType = sourcecode.swift; path = UserTableViewCell.swift; sourceTree = "<group>"; };
		1CAC6CC72A66F135008F2A37 /* UserTableViewCell.xib */ = {isa = PBXFileReference; lastKnownFileType = file.xib; path = UserTableViewCell.xib; sourceTree = "<group>"; };
		1CDE966C2A61D0A500EB048E /* PlaceholderSession.app */ = {isa = PBXFileReference; explicitFileType = wrapper.application; includeInIndex = 0; path = PlaceholderSession.app; sourceTree = BUILT_PRODUCTS_DIR; };
		1CDE966F2A61D0A500EB048E /* AppDelegate.swift */ = {isa = PBXFileReference; lastKnownFileType = sourcecode.swift; path = AppDelegate.swift; sourceTree = "<group>"; };
		1CDE96782A61D0A700EB048E /* Assets.xcassets */ = {isa = PBXFileReference; lastKnownFileType = folder.assetcatalog; path = Assets.xcassets; sourceTree = "<group>"; };
		1CDE967B2A61D0A700EB048E /* Base */ = {isa = PBXFileReference; lastKnownFileType = file.storyboard; name = Base; path = Base.lproj/LaunchScreen.storyboard; sourceTree = "<group>"; };
		1CDE967D2A61D0A700EB048E /* Info.plist */ = {isa = PBXFileReference; lastKnownFileType = text.plist.xml; path = Info.plist; sourceTree = "<group>"; };
		1CDE96A02A61D79000EB048E /* UsersViewController.swift */ = {isa = PBXFileReference; lastKnownFileType = sourcecode.swift; path = UsersViewController.swift; sourceTree = "<group>"; };
		1CDE96A72A62201F00EB048E /* UsersViewModel.swift */ = {isa = PBXFileReference; lastKnownFileType = sourcecode.swift; path = UsersViewModel.swift; sourceTree = "<group>"; };
		1CDE96A92A6220D400EB048E /* User.swift */ = {isa = PBXFileReference; lastKnownFileType = sourcecode.swift; path = User.swift; sourceTree = "<group>"; };
/* End PBXFileReference section */

/* Begin PBXFrameworksBuildPhase section */
		1CDE96692A61D0A500EB048E /* Frameworks */ = {
			isa = PBXFrameworksBuildPhase;
			buildActionMask = 2147483647;
			files = (
			);
			runOnlyForDeploymentPostprocessing = 0;
		};
/* End PBXFrameworksBuildPhase section */

/* Begin PBXGroup section */
		1C5108D42A7FA158008EBB53 /* AlbumScreen */ = {
			isa = PBXGroup;
			children = (
				1C5108D52A7FA257008EBB53 /* AlbumTableViewController.swift */,
				1C5108D92A7FA29C008EBB53 /* AlbumViewModel.swift */,
				1C5108DB2A7FA2A6008EBB53 /* Album.swift */,
				1C5108DD2A7FA2AE008EBB53 /* AlbumCell */,
			);
			path = AlbumScreen;
			sourceTree = "<group>";
		};
		1C5108DD2A7FA2AE008EBB53 /* AlbumCell */ = {
			isa = PBXGroup;
			children = (
				1C5108DE2A7FA71B008EBB53 /* AlbumTableViewCell.swift */,
				1C5108DF2A7FA71B008EBB53 /* AlbumTableViewCell.xib */,
			);
			path = AlbumCell;
			sourceTree = "<group>";
		};
		1C5108E22A7FB5DE008EBB53 /* PhotosScreen */ = {
			isa = PBXGroup;
			children = (
				1C51090A2A87FA48008EBB53 /* PhotosViewController.swift */,
				1C51090B2A87FA48008EBB53 /* PhotosViewController.xib */,
				1C5108ED2A802045008EBB53 /* PhotoViewModel.swift */,
				1C5108EF2A80204D008EBB53 /* Photo.swift */,
				1C5108F12A80227D008EBB53 /* PhotosCell */,
			);
			path = PhotosScreen;
			sourceTree = "<group>";
		};
		1C5108F12A80227D008EBB53 /* PhotosCell */ = {
			isa = PBXGroup;
			children = (
				1C5109022A87F7BB008EBB53 /* PhotoCollectionViewCell.swift */,
				1C5109032A87F7BB008EBB53 /* PhotoCollectionViewCell.xib */,
			);
			path = PhotosCell;
			sourceTree = "<group>";
		};
		1C5108FE2A87F018008EBB53 /* Exstensions */ = {
			isa = PBXGroup;
			children = (
				1C5109002A87F053008EBB53 /* Localized String.swift */,
			);
			path = Exstensions;
			sourceTree = "<group>";
		};
		1CA467602A7457E900DB6377 /* PostScreen */ = {
			isa = PBXGroup;
			children = (
				1CA467612A74583200DB6377 /* PostTableViewController.swift */,
				1CA467652A7502C000DB6377 /* PostsViewModel.swift */,
				1CA467672A7502CA00DB6377 /* Post.swift */,
				1CA467692A75046F00DB6377 /* PostCell */,
			);
			path = PostScreen;
			sourceTree = "<group>";
		};
		1CA467692A75046F00DB6377 /* PostCell */ = {
			isa = PBXGroup;
			children = (
				1CA4676A2A75049400DB6377 /* PostTableViewCell.swift */,
				1CA4676B2A75049400DB6377 /* PostTableViewCell.xib */,
			);
			path = PostCell;
			sourceTree = "<group>";
		};
		1CAC6CC52A66F11A008F2A37 /* UserCell */ = {
			isa = PBXGroup;
			children = (
				1CAC6CC62A66F135008F2A37 /* UserTableViewCell.swift */,
				1CAC6CC72A66F135008F2A37 /* UserTableViewCell.xib */,
			);
			path = UserCell;
			sourceTree = "<group>";
		};
		1CD5C91C2A6BCAAE00F58EA6 /* UsersScreen */ = {
			isa = PBXGroup;
			children = (
				1CDE96A02A61D79000EB048E /* UsersViewController.swift */,
				1CDE96A72A62201F00EB048E /* UsersViewModel.swift */,
				1CDE96A92A6220D400EB048E /* User.swift */,
				1CAC6CC52A66F11A008F2A37 /* UserCell */,
			);
			path = UsersScreen;
			sourceTree = "<group>";
		};
		1CDE96632A61D0A500EB048E = {
			isa = PBXGroup;
			children = (
				1CDE966E2A61D0A500EB048E /* PlaceholderSession */,
				1CDE966D2A61D0A500EB048E /* Products */,
			);
			sourceTree = "<group>";
		};
		1CDE966D2A61D0A500EB048E /* Products */ = {
			isa = PBXGroup;
			children = (
				1CDE966C2A61D0A500EB048E /* PlaceholderSession.app */,
			);
			name = Products;
			sourceTree = "<group>";
		};
		1CDE966E2A61D0A500EB048E /* PlaceholderSession */ = {
			isa = PBXGroup;
			children = (
				1C5108FE2A87F018008EBB53 /* Exstensions */,
				1CD5C91C2A6BCAAE00F58EA6 /* UsersScreen */,
				1CA467602A7457E900DB6377 /* PostScreen */,
				1C5108D42A7FA158008EBB53 /* AlbumScreen */,
				1C5108E22A7FB5DE008EBB53 /* PhotosScreen */,
				1CDE966F2A61D0A500EB048E /* AppDelegate.swift */,
				1CDE96782A61D0A700EB048E /* Assets.xcassets */,
				1C5108FC2A85567A008EBB53 /* Texts.strings */,
				1CDE967A2A61D0A700EB048E /* LaunchScreen.storyboard */,
				1CDE967D2A61D0A700EB048E /* Info.plist */,
			);
			path = PlaceholderSession;
			sourceTree = "<group>";
		};
/* End PBXGroup section */

/* Begin PBXNativeTarget section */
		1CDE966B2A61D0A500EB048E /* PlaceholderSession */ = {
			isa = PBXNativeTarget;
			buildConfigurationList = 1CDE96962A61D0A700EB048E /* Build configuration list for PBXNativeTarget "PlaceholderSession" */;
			buildPhases = (
				1CDE96682A61D0A500EB048E /* Sources */,
				1CDE96692A61D0A500EB048E /* Frameworks */,
				1CDE966A2A61D0A500EB048E /* Resources */,
			);
			buildRules = (
			);
			dependencies = (
			);
			name = PlaceholderSession;
			productName = PlaceholderSession;
			productReference = 1CDE966C2A61D0A500EB048E /* PlaceholderSession.app */;
			productType = "com.apple.product-type.application";
		};
/* End PBXNativeTarget section */

/* Begin PBXProject section */
		1CDE96642A61D0A500EB048E /* Project object */ = {
			isa = PBXProject;
			attributes = {
				BuildIndependentTargetsInParallel = 1;
				LastSwiftUpdateCheck = 1430;
				LastUpgradeCheck = 1430;
				TargetAttributes = {
					1CDE966B2A61D0A500EB048E = {
						CreatedOnToolsVersion = 14.3.1;
					};
				};
			};
			buildConfigurationList = 1CDE96672A61D0A500EB048E /* Build configuration list for PBXProject "PlaceholderSession" */;
			compatibilityVersion = "Xcode 14.0";
			developmentRegion = en;
			hasScannedForEncodings = 0;
			knownRegions = (
				en,
				Base,
				uk,
			);
			mainGroup = 1CDE96632A61D0A500EB048E;
			productRefGroup = 1CDE966D2A61D0A500EB048E /* Products */;
			projectDirPath = "";
			projectRoot = "";
			targets = (
				1CDE966B2A61D0A500EB048E /* PlaceholderSession */,
			);
		};
/* End PBXProject section */

/* Begin PBXResourcesBuildPhase section */
		1CDE966A2A61D0A500EB048E /* Resources */ = {
			isa = PBXResourcesBuildPhase;
			buildActionMask = 2147483647;
			files = (
				1C51090D2A87FA48008EBB53 /* PhotosViewController.xib in Resources */,
				1CAC6CC92A66F135008F2A37 /* UserTableViewCell.xib in Resources */,
				1CA4676D2A75049400DB6377 /* PostTableViewCell.xib in Resources */,
				1CDE967C2A61D0A700EB048E /* LaunchScreen.storyboard in Resources */,
				1C5108E12A7FA71B008EBB53 /* AlbumTableViewCell.xib in Resources */,
				1CDE96792A61D0A700EB048E /* Assets.xcassets in Resources */,
				1C5109052A87F7BB008EBB53 /* PhotoCollectionViewCell.xib in Resources */,
				1C5108FA2A85567A008EBB53 /* Texts.strings in Resources */,
			);
			runOnlyForDeploymentPostprocessing = 0;
		};
/* End PBXResourcesBuildPhase section */

/* Begin PBXSourcesBuildPhase section */
		1CDE96682A61D0A500EB048E /* Sources */ = {
			isa = PBXSourcesBuildPhase;
			buildActionMask = 2147483647;
			files = (
				1C5108F02A80204D008EBB53 /* Photo.swift in Sources */,
				1CDE96AA2A6220D400EB048E /* User.swift in Sources */,
				1CA467662A7502C000DB6377 /* PostsViewModel.swift in Sources */,
				1CA467632A74583200DB6377 /* PostTableViewController.swift in Sources */,
				1C5109042A87F7BB008EBB53 /* PhotoCollectionViewCell.swift in Sources */,
				1CA467682A7502CA00DB6377 /* Post.swift in Sources */,
				1C5108EE2A802045008EBB53 /* PhotoViewModel.swift in Sources */,
				1CDE96702A61D0A500EB048E /* AppDelegate.swift in Sources */,
				1CDE96A22A61D79000EB048E /* UsersViewController.swift in Sources */,
				1C51090C2A87FA48008EBB53 /* PhotosViewController.swift in Sources */,
				1CAC6CC82A66F135008F2A37 /* UserTableViewCell.swift in Sources */,
				1C5108D72A7FA257008EBB53 /* AlbumTableViewController.swift in Sources */,
				1CDE96A82A62201F00EB048E /* UsersViewModel.swift in Sources */,
				1C5109012A87F053008EBB53 /* Localized String.swift in Sources */,
				1C5108DA2A7FA29C008EBB53 /* AlbumViewModel.swift in Sources */,
				1C5108E02A7FA71B008EBB53 /* AlbumTableViewCell.swift in Sources */,
				1CA4676C2A75049400DB6377 /* PostTableViewCell.swift in Sources */,
				1C5108DC2A7FA2A6008EBB53 /* Album.swift in Sources */,
			);
			runOnlyForDeploymentPostprocessing = 0;
		};
/* End PBXSourcesBuildPhase section */

/* Begin PBXVariantGroup section */
		1C5108FC2A85567A008EBB53 /* Texts.strings */ = {
			isa = PBXVariantGroup;
			children = (
				1C5108FB2A85567A008EBB53 /* en */,
				1C5108FD2A855680008EBB53 /* uk */,
			);
			name = Texts.strings;
			sourceTree = "<group>";
		};
		1CDE967A2A61D0A700EB048E /* LaunchScreen.storyboard */ = {
			isa = PBXVariantGroup;
			children = (
				1CDE967B2A61D0A700EB048E /* Base */,
				1C5108F72A855650008EBB53 /* uk */,
			);
			name = LaunchScreen.storyboard;
			sourceTree = "<group>";
		};
/* End PBXVariantGroup section */

/* Begin XCBuildConfiguration section */
		1CDE96942A61D0A700EB048E /* Debug */ = {
			isa = XCBuildConfiguration;
			buildSettings = {
				ALWAYS_SEARCH_USER_PATHS = NO;
				CLANG_ANALYZER_LOCALIZABILITY_NONLOCALIZED = YES;
				CLANG_ANALYZER_NONNULL = YES;
				CLANG_ANALYZER_NUMBER_OBJECT_CONVERSION = YES_AGGRESSIVE;
				CLANG_CXX_LANGUAGE_STANDARD = "gnu++20";
				CLANG_ENABLE_MODULES = YES;
				CLANG_ENABLE_OBJC_ARC = YES;
				CLANG_ENABLE_OBJC_WEAK = YES;
				CLANG_WARN_BLOCK_CAPTURE_AUTORELEASING = YES;
				CLANG_WARN_BOOL_CONVERSION = YES;
				CLANG_WARN_COMMA = YES;
				CLANG_WARN_CONSTANT_CONVERSION = YES;
				CLANG_WARN_DEPRECATED_OBJC_IMPLEMENTATIONS = YES;
				CLANG_WARN_DIRECT_OBJC_ISA_USAGE = YES_ERROR;
				CLANG_WARN_DOCUMENTATION_COMMENTS = YES;
				CLANG_WARN_EMPTY_BODY = YES;
				CLANG_WARN_ENUM_CONVERSION = YES;
				CLANG_WARN_INFINITE_RECURSION = YES;
				CLANG_WARN_INT_CONVERSION = YES;
				CLANG_WARN_NON_LITERAL_NULL_CONVERSION = YES;
				CLANG_WARN_OBJC_IMPLICIT_RETAIN_SELF = YES;
				CLANG_WARN_OBJC_LITERAL_CONVERSION = YES;
				CLANG_WARN_OBJC_ROOT_CLASS = YES_ERROR;
				CLANG_WARN_QUOTED_INCLUDE_IN_FRAMEWORK_HEADER = YES;
				CLANG_WARN_RANGE_LOOP_ANALYSIS = YES;
				CLANG_WARN_STRICT_PROTOTYPES = YES;
				CLANG_WARN_SUSPICIOUS_MOVE = YES;
				CLANG_WARN_UNGUARDED_AVAILABILITY = YES_AGGRESSIVE;
				CLANG_WARN_UNREACHABLE_CODE = YES;
				CLANG_WARN__DUPLICATE_METHOD_MATCH = YES;
				COPY_PHASE_STRIP = NO;
				DEBUG_INFORMATION_FORMAT = dwarf;
				ENABLE_STRICT_OBJC_MSGSEND = YES;
				ENABLE_TESTABILITY = YES;
				GCC_C_LANGUAGE_STANDARD = gnu11;
				GCC_DYNAMIC_NO_PIC = NO;
				GCC_NO_COMMON_BLOCKS = YES;
				GCC_OPTIMIZATION_LEVEL = 0;
				GCC_PREPROCESSOR_DEFINITIONS = (
					"DEBUG=1",
					"$(inherited)",
				);
				GCC_WARN_64_TO_32_BIT_CONVERSION = YES;
				GCC_WARN_ABOUT_RETURN_TYPE = YES_ERROR;
				GCC_WARN_UNDECLARED_SELECTOR = YES;
				GCC_WARN_UNINITIALIZED_AUTOS = YES_AGGRESSIVE;
				GCC_WARN_UNUSED_FUNCTION = YES;
				GCC_WARN_UNUSED_VARIABLE = YES;
				IPHONEOS_DEPLOYMENT_TARGET = 16.4;
				MTL_ENABLE_DEBUG_INFO = INCLUDE_SOURCE;
				MTL_FAST_MATH = YES;
				ONLY_ACTIVE_ARCH = YES;
				SDKROOT = iphoneos;
				SWIFT_ACTIVE_COMPILATION_CONDITIONS = DEBUG;
				SWIFT_OPTIMIZATION_LEVEL = "-Onone";
			};
			name = Debug;
		};
		1CDE96952A61D0A700EB048E /* Release */ = {
			isa = XCBuildConfiguration;
			buildSettings = {
				ALWAYS_SEARCH_USER_PATHS = NO;
				CLANG_ANALYZER_LOCALIZABILITY_NONLOCALIZED = YES;
				CLANG_ANALYZER_NONNULL = YES;
				CLANG_ANALYZER_NUMBER_OBJECT_CONVERSION = YES_AGGRESSIVE;
				CLANG_CXX_LANGUAGE_STANDARD = "gnu++20";
				CLANG_ENABLE_MODULES = YES;
				CLANG_ENABLE_OBJC_ARC = YES;
				CLANG_ENABLE_OBJC_WEAK = YES;
				CLANG_WARN_BLOCK_CAPTURE_AUTORELEASING = YES;
				CLANG_WARN_BOOL_CONVERSION = YES;
				CLANG_WARN_COMMA = YES;
				CLANG_WARN_CONSTANT_CONVERSION = YES;
				CLANG_WARN_DEPRECATED_OBJC_IMPLEMENTATIONS = YES;
				CLANG_WARN_DIRECT_OBJC_ISA_USAGE = YES_ERROR;
				CLANG_WARN_DOCUMENTATION_COMMENTS = YES;
				CLANG_WARN_EMPTY_BODY = YES;
				CLANG_WARN_ENUM_CONVERSION = YES;
				CLANG_WARN_INFINITE_RECURSION = YES;
				CLANG_WARN_INT_CONVERSION = YES;
				CLANG_WARN_NON_LITERAL_NULL_CONVERSION = YES;
				CLANG_WARN_OBJC_IMPLICIT_RETAIN_SELF = YES;
				CLANG_WARN_OBJC_LITERAL_CONVERSION = YES;
				CLANG_WARN_OBJC_ROOT_CLASS = YES_ERROR;
				CLANG_WARN_QUOTED_INCLUDE_IN_FRAMEWORK_HEADER = YES;
				CLANG_WARN_RANGE_LOOP_ANALYSIS = YES;
				CLANG_WARN_STRICT_PROTOTYPES = YES;
				CLANG_WARN_SUSPICIOUS_MOVE = YES;
				CLANG_WARN_UNGUARDED_AVAILABILITY = YES_AGGRESSIVE;
				CLANG_WARN_UNREACHABLE_CODE = YES;
				CLANG_WARN__DUPLICATE_METHOD_MATCH = YES;
				COPY_PHASE_STRIP = NO;
				DEBUG_INFORMATION_FORMAT = "dwarf-with-dsym";
				ENABLE_NS_ASSERTIONS = NO;
				ENABLE_STRICT_OBJC_MSGSEND = YES;
				GCC_C_LANGUAGE_STANDARD = gnu11;
				GCC_NO_COMMON_BLOCKS = YES;
				GCC_WARN_64_TO_32_BIT_CONVERSION = YES;
				GCC_WARN_ABOUT_RETURN_TYPE = YES_ERROR;
				GCC_WARN_UNDECLARED_SELECTOR = YES;
				GCC_WARN_UNINITIALIZED_AUTOS = YES_AGGRESSIVE;
				GCC_WARN_UNUSED_FUNCTION = YES;
				GCC_WARN_UNUSED_VARIABLE = YES;
				IPHONEOS_DEPLOYMENT_TARGET = 16.4;
				MTL_ENABLE_DEBUG_INFO = NO;
				MTL_FAST_MATH = YES;
				SDKROOT = iphoneos;
				SWIFT_COMPILATION_MODE = wholemodule;
				SWIFT_OPTIMIZATION_LEVEL = "-O";
				VALIDATE_PRODUCT = YES;
			};
			name = Release;
		};
		1CDE96972A61D0A700EB048E /* Debug */ = {
			isa = XCBuildConfiguration;
			buildSettings = {
				ASSETCATALOG_COMPILER_APPICON_NAME = AppIcon;
				ASSETCATALOG_COMPILER_GLOBAL_ACCENT_COLOR_NAME = AccentColor;
				CODE_SIGN_STYLE = Automatic;
				CURRENT_PROJECT_VERSION = 1;
				DEVELOPMENT_TEAM = 597WJ9W585;
				GENERATE_INFOPLIST_FILE = YES;
				INFOPLIST_FILE = PlaceholderSession/Info.plist;
				INFOPLIST_KEY_UIApplicationSupportsIndirectInputEvents = YES;
				INFOPLIST_KEY_UILaunchStoryboardName = LaunchScreen;
				INFOPLIST_KEY_UIMainStoryboardFile = "";
				INFOPLIST_KEY_UIStatusBarStyle = "";
				INFOPLIST_KEY_UISupportedInterfaceOrientations = UIInterfaceOrientationPortrait;
				LD_RUNPATH_SEARCH_PATHS = (
					"$(inherited)",
					"@executable_path/Frameworks",
				);
				MARKETING_VERSION = 1.0;
				PRODUCT_BUNDLE_IDENTIFIER = PlaceholderSession.PlaceholderSession;
				PRODUCT_NAME = "$(TARGET_NAME)";
				SWIFT_EMIT_LOC_STRINGS = YES;
				SWIFT_VERSION = 5.0;
				TARGETED_DEVICE_FAMILY = "1,2";
			};
			name = Debug;
		};
		1CDE96982A61D0A700EB048E /* Release */ = {
			isa = XCBuildConfiguration;
			buildSettings = {
				ASSETCATALOG_COMPILER_APPICON_NAME = AppIcon;
				ASSETCATALOG_COMPILER_GLOBAL_ACCENT_COLOR_NAME = AccentColor;
				CODE_SIGN_STYLE = Automatic;
				CURRENT_PROJECT_VERSION = 1;
				DEVELOPMENT_TEAM = 597WJ9W585;
				GENERATE_INFOPLIST_FILE = YES;
				INFOPLIST_FILE = PlaceholderSession/Info.plist;
				INFOPLIST_KEY_UIApplicationSupportsIndirectInputEvents = YES;
				INFOPLIST_KEY_UILaunchStoryboardName = LaunchScreen;
				INFOPLIST_KEY_UIMainStoryboardFile = "";
				INFOPLIST_KEY_UIStatusBarStyle = "";
				INFOPLIST_KEY_UISupportedInterfaceOrientations = UIInterfaceOrientationPortrait;
				LD_RUNPATH_SEARCH_PATHS = (
					"$(inherited)",
					"@executable_path/Frameworks",
				);
				MARKETING_VERSION = 1.0;
				PRODUCT_BUNDLE_IDENTIFIER = PlaceholderSession.PlaceholderSession;
				PRODUCT_NAME = "$(TARGET_NAME)";
				SWIFT_EMIT_LOC_STRINGS = YES;
				SWIFT_VERSION = 5.0;
				TARGETED_DEVICE_FAMILY = "1,2";
			};
			name = Release;
		};
/* End XCBuildConfiguration section */

/* Begin XCConfigurationList section */
		1CDE96672A61D0A500EB048E /* Build configuration list for PBXProject "PlaceholderSession" */ = {
			isa = XCConfigurationList;
			buildConfigurations = (
				1CDE96942A61D0A700EB048E /* Debug */,
				1CDE96952A61D0A700EB048E /* Release */,
			);
			defaultConfigurationIsVisible = 0;
			defaultConfigurationName = Release;
		};
		1CDE96962A61D0A700EB048E /* Build configuration list for PBXNativeTarget "PlaceholderSession" */ = {
			isa = XCConfigurationList;
			buildConfigurations = (
				1CDE96972A61D0A700EB048E /* Debug */,
				1CDE96982A61D0A700EB048E /* Release */,
			);
			defaultConfigurationIsVisible = 0;
			defaultConfigurationName = Release;
		};
/* End XCConfigurationList section */
	};
	rootObject = 1CDE96642A61D0A500EB048E /* Project object */;
}
